
Microsoft Visual Studio Solution File, Format Version 12.00
# Visual Studio Version 17
VisualStudioVersion = 17.0.31919.166
MinimumVisualStudioVersion = 10.0.40219.1
Project("{FAE04EC0-301F-11D3-BF4B-00C04F79EFBC}") = "BulkyBookWeb", "BulkyBookWeb\BulkyBookWeb.csproj", "{B3F636EE-BE71-4C9C-A9F4-39DFE9E1E744}"
EndProject
Global
	GlobalSection(SolutionConfigurationPlatforms) = preSolution
		Debug|Any CPU = Debug|Any CPU
		Release|Any CPU = Release|Any CPU
	EndGlobalSection
	GlobalSection(ProjectConfigurationPlatforms) = postSolution
		{B3F636EE-BE71-4C9C-A9F4-39DFE9E1E744}.Debug|Any CPU.ActiveCfg = Debug|Any CPU
		{B3F636EE-BE71-4C9C-A9F4-39DFE9E1E744}.Debug|Any CPU.Build.0 = Debug|Any CPU
		{B3F636EE-BE71-4C9C-A9F4-39DFE9E1E744}.Release|Any CPU.ActiveCfg = Release|Any CPU
		{B3F636EE-BE71-4C9C-A9F4-39DFE9E1E744}.Release|Any CPU.Build.0 = Release|Any CPU
	EndGlobalSection
	GlobalSection(SolutionProperties) = preSolution
		HideSolutionNode = FALSE
	EndGlobalSection
	GlobalSection(ExtensibilityGlobals) = postSolution
		SolutionGuid = {DC7DD15C-E320-4F51-8877-2BD62E7256BC}
	EndGlobalSection
EndGlobal
